
Microsoft Visual Studio Solution File, Format Version 12.00
# Visual Studio Version 16
VisualStudioVersion = 16.0.29020.237
MinimumVisualStudioVersion = 10.0.40219.1
Project("{FAE04EC0-301F-11D3-BF4B-00C04F79EFBC}") = "MailGunApi", "MailGunApi\MailGunApi.csproj", "{BF9E0CE3-D95D-428D-B3E5-25C53416054B}"
EndProject
Global
	GlobalSection(SolutionConfigurationPlatforms) = preSolution
		Debug|Any CPU = Debug|Any CPU
		Release|Any CPU = Release|Any CPU
	EndGlobalSection
	GlobalSection(ProjectConfigurationPlatforms) = postSolution
		{BF9E0CE3-D95D-428D-B3E5-25C53416054B}.Debug|Any CPU.ActiveCfg = Debug|Any CPU
		{BF9E0CE3-D95D-428D-B3E5-25C53416054B}.Debug|Any CPU.Build.0 = Debug|Any CPU
		{BF9E0CE3-D95D-428D-B3E5-25C53416054B}.Release|Any CPU.ActiveCfg = Release|Any CPU
		{BF9E0CE3-D95D-428D-B3E5-25C53416054B}.Release|Any CPU.Build.0 = Release|Any CPU
	EndGlobalSection
	GlobalSection(SolutionProperties) = preSolution
		HideSolutionNode = FALSE
	EndGlobalSection
	GlobalSection(ExtensibilityGlobals) = postSolution
		SolutionGuid = {2979DA19-1902-413C-9F56-C89ECCCBD6F1}
	EndGlobalSection
EndGlobal
